
Microsoft Visual Studio Solution File, Format Version 12.00
# Visual Studio Version 17
VisualStudioVersion = 17.5.33516.290
MinimumVisualStudioVersion = 10.0.40219.1
Project("{9A19103F-16F7-4668-BE54-9A1E7A4F7556}") = "InfoCryptocurrenciesTEST", "InfoCryptocurrenciesTEST\InfoCryptocurrenciesTEST.csproj", "{48467A9B-007B-4C59-9682-7268507E8CD0}"
EndProject
Project("{9A19103F-16F7-4668-BE54-9A1E7A4F7556}") = "CoincapLibrary", "CoincapLibrary\CoincapLibrary.csproj", "{9DD56C6A-9F3D-4559-87FA-6466E8E5E5AB}"
EndProject
Project("{9A19103F-16F7-4668-BE54-9A1E7A4F7556}") = "ConsoleAppTest", "ConsoleAppTest\ConsoleAppTest.csproj", "{4D4D646D-2118-46DB-A537-E8319D1B93CA}"
EndProject
Project("{9A19103F-16F7-4668-BE54-9A1E7A4F7556}") = "TestCoincapLibrary", "TestCoincapLibrary\TestCoincapLibrary.csproj", "{EF1A4256-11D3-4FD6-A93D-5D3745CF1335}"
EndProject
Global
	GlobalSection(SolutionConfigurationPlatforms) = preSolution
		Debug|Any CPU = Debug|Any CPU
		Release|Any CPU = Release|Any CPU
	EndGlobalSection
	GlobalSection(ProjectConfigurationPlatforms) = postSolution
		{48467A9B-007B-4C59-9682-7268507E8CD0}.Debug|Any CPU.ActiveCfg = Debug|Any CPU
		{48467A9B-007B-4C59-9682-7268507E8CD0}.Debug|Any CPU.Build.0 = Debug|Any CPU
		{48467A9B-007B-4C59-9682-7268507E8CD0}.Release|Any CPU.ActiveCfg = Release|Any CPU
		{48467A9B-007B-4C59-9682-7268507E8CD0}.Release|Any CPU.Build.0 = Release|Any CPU
		{9DD56C6A-9F3D-4559-87FA-6466E8E5E5AB}.Debug|Any CPU.ActiveCfg = Debug|Any CPU
		{9DD56C6A-9F3D-4559-87FA-6466E8E5E5AB}.Debug|Any CPU.Build.0 = Debug|Any CPU
		{9DD56C6A-9F3D-4559-87FA-6466E8E5E5AB}.Release|Any CPU.ActiveCfg = Release|Any CPU
		{9DD56C6A-9F3D-4559-87FA-6466E8E5E5AB}.Release|Any CPU.Build.0 = Release|Any CPU
		{4D4D646D-2118-46DB-A537-E8319D1B93CA}.Debug|Any CPU.ActiveCfg = Debug|Any CPU
		{4D4D646D-2118-46DB-A537-E8319D1B93CA}.Debug|Any CPU.Build.0 = Debug|Any CPU
		{4D4D646D-2118-46DB-A537-E8319D1B93CA}.Release|Any CPU.ActiveCfg = Release|Any CPU
		{4D4D646D-2118-46DB-A537-E8319D1B93CA}.Release|Any CPU.Build.0 = Release|Any CPU
		{EF1A4256-11D3-4FD6-A93D-5D3745CF1335}.Debug|Any CPU.ActiveCfg = Debug|Any CPU
		{EF1A4256-11D3-4FD6-A93D-5D3745CF1335}.Debug|Any CPU.Build.0 = Debug|Any CPU
		{EF1A4256-11D3-4FD6-A93D-5D3745CF1335}.Release|Any CPU.ActiveCfg = Release|Any CPU
		{EF1A4256-11D3-4FD6-A93D-5D3745CF1335}.Release|Any CPU.Build.0 = Release|Any CPU
	EndGlobalSection
	GlobalSection(SolutionProperties) = preSolution
		HideSolutionNode = FALSE
	EndGlobalSection
	GlobalSection(ExtensibilityGlobals) = postSolution
		SolutionGuid = {FECBDE7A-9C47-410C-B1C6-E7B32D3C6A52}
	EndGlobalSection
EndGlobal
